
Microsoft Visual Studio Solution File, Format Version 12.00
# Visual Studio 14
VisualStudioVersion = 14.0.25420.1
MinimumVisualStudioVersion = 10.0.40219.1
Project("{FAE04EC0-301F-11D3-BF4B-00C04F79EFBC}") = "aspnet-mvc5-sample", "aspnet-mvc5-sample\aspnet-mvc5-sample.csproj", "{7295F4D4-5F5A-4D3F-B0A0-F23A93044369}"
EndProject
Project("{FAE04EC0-301F-11D3-BF4B-00C04F79EFBC}") = "aspnet-mvc5-sampleTests", "aspnet-mvc5-sampleTests\aspnet-mvc5-sampleTests.csproj", "{536F4854-3EDC-4497-A2E1-CDDE89C35619}"
EndProject
Project("{FAE04EC0-301F-11D3-BF4B-00C04F79EFBC}") = "aspnet-mvc5-mongodb", "aspnet-mvc5-mongodb\aspnet-mvc5-mongodb.csproj", "{5C5279C1-E02E-4846-B31B-0F2D77862DDB}"
EndProject
Project("{2150E333-8FDC-42A3-9474-1A3956D46DE8}") = "Solution Items", "Solution Items", "{9B6CF594-B115-4E17-8F01-874DE06DDAE5}"
	ProjectSection(SolutionItems) = preProject
		README.md = README.md
	EndProjectSection
EndProject
Global
	GlobalSection(SolutionConfigurationPlatforms) = preSolution
		Debug|Any CPU = Debug|Any CPU
		Release|Any CPU = Release|Any CPU
	EndGlobalSection
	GlobalSection(ProjectConfigurationPlatforms) = postSolution
		{7295F4D4-5F5A-4D3F-B0A0-F23A93044369}.Debug|Any CPU.ActiveCfg = Debug|Any CPU
		{7295F4D4-5F5A-4D3F-B0A0-F23A93044369}.Debug|Any CPU.Build.0 = Debug|Any CPU
		{7295F4D4-5F5A-4D3F-B0A0-F23A93044369}.Release|Any CPU.ActiveCfg = Release|Any CPU
		{7295F4D4-5F5A-4D3F-B0A0-F23A93044369}.Release|Any CPU.Build.0 = Release|Any CPU
		{536F4854-3EDC-4497-A2E1-CDDE89C35619}.Debug|Any CPU.ActiveCfg = Debug|Any CPU
		{536F4854-3EDC-4497-A2E1-CDDE89C35619}.Debug|Any CPU.Build.0 = Debug|Any CPU
		{536F4854-3EDC-4497-A2E1-CDDE89C35619}.Release|Any CPU.ActiveCfg = Release|Any CPU
		{536F4854-3EDC-4497-A2E1-CDDE89C35619}.Release|Any CPU.Build.0 = Release|Any CPU
		{5C5279C1-E02E-4846-B31B-0F2D77862DDB}.Debug|Any CPU.ActiveCfg = Debug|Any CPU
		{5C5279C1-E02E-4846-B31B-0F2D77862DDB}.Debug|Any CPU.Build.0 = Debug|Any CPU
		{5C5279C1-E02E-4846-B31B-0F2D77862DDB}.Release|Any CPU.ActiveCfg = Release|Any CPU
		{5C5279C1-E02E-4846-B31B-0F2D77862DDB}.Release|Any CPU.Build.0 = Release|Any CPU
	EndGlobalSection
	GlobalSection(SolutionProperties) = preSolution
		HideSolutionNode = FALSE
	EndGlobalSection
EndGlobal
